
Microsoft Visual Studio Solution File, Format Version 12.00
# Visual Studio 14
VisualStudioVersion = 14.0.25420.1
MinimumVisualStudioVersion = 10.0.40219.1
Project("{2150E333-8FDC-42A3-9474-1A3956D46DE8}") = "samples", "samples", "{E81D873F-7C5E-44F8-854F-21BCF9F0D43E}"
EndProject
Project("{2150E333-8FDC-42A3-9474-1A3956D46DE8}") = "src", "src", "{70400A5C-1C4C-4852-A355-306C147E61F1}"
EndProject
Project("{2150E333-8FDC-42A3-9474-1A3956D46DE8}") = "tests", "tests", "{F8AFCCBC-0A10-49A5-A53E-3912E6EC8CAC}"
EndProject
Project("{FAE04EC0-301F-11D3-BF4B-00C04F79EFBC}") = "ITDreamers.XRM.TestConsoleHelpers", "src\ITDreamers.XRM.TestConsoleHelpers\ITDreamers.XRM.TestConsoleHelpers.csproj", "{B5054A1D-DE7B-4384-B362-AF9C1E115511}"
EndProject
Global
	GlobalSection(SolutionConfigurationPlatforms) = preSolution
		Debug|Any CPU = Debug|Any CPU
		Release|Any CPU = Release|Any CPU
	EndGlobalSection
	GlobalSection(ProjectConfigurationPlatforms) = postSolution
		{B5054A1D-DE7B-4384-B362-AF9C1E115511}.Debug|Any CPU.ActiveCfg = Debug|Any CPU
		{B5054A1D-DE7B-4384-B362-AF9C1E115511}.Debug|Any CPU.Build.0 = Debug|Any CPU
		{B5054A1D-DE7B-4384-B362-AF9C1E115511}.Release|Any CPU.ActiveCfg = Release|Any CPU
		{B5054A1D-DE7B-4384-B362-AF9C1E115511}.Release|Any CPU.Build.0 = Release|Any CPU
	EndGlobalSection
	GlobalSection(SolutionProperties) = preSolution
		HideSolutionNode = FALSE
	EndGlobalSection
	GlobalSection(NestedProjects) = preSolution
		{B5054A1D-DE7B-4384-B362-AF9C1E115511} = {70400A5C-1C4C-4852-A355-306C147E61F1}
	EndGlobalSection
EndGlobal
